<?xml version="1.0" encoding="utf-8"?>
<Project ToolsVersion="4.0" xmlns="http://schemas.microsoft.com/developer/msbuild/2003">
  <ItemGroup>
    <Filter Include="UserCore">
      <UniqueIdentifier>{046852a9-65a4-4d98-ac85-0ace26d0ed45}</UniqueIdentifier>
    </Filter>
    <Filter Include="ContentsActor">
      <UniqueIdentifier>{18cd09f4-34f7-4f44-adaf-e85e17b4ab5e}</UniqueIdentifier>
    </Filter>
    <Filter Include="PCH">
      <UniqueIdentifier>{20a04d40-b2b6-4b23-acf6-23764e4ffff0}</UniqueIdentifier>
    </Filter>
  </ItemGroup>
  <ItemGroup>
    <ClInclude Include="UserCore.h">
      <Filter>UserCore</Filter>
    </ClInclude>
    <ClInclude Include="Player.h">
      <Filter>ContentsActor</Filter>
    </ClInclude>
    <ClInclude Include="pch.h">
      <Filter>PCH</Filter>
    </ClInclude>
  </ItemGroup>
  <ItemGroup>
    <ClCompile Include="UserCore.cpp">
      <Filter>UserCore</Filter>
    </ClCompile>
    <ClCompile Include="Player.cpp">
      <Filter>ContentsActor</Filter>
    </ClCompile>
    <ClCompile Include="pch.cpp">
      <Filter>PCH</Filter>
    </ClCompile>
  </ItemGroup>
</Project>