<?xml version="1.0" encoding="utf-8"?>
<Project ToolsVersion="4.0" xmlns="http://schemas.microsoft.com/developer/msbuild/2003">
  <ItemGroup>
    <Filter Include="GEngine">
      <UniqueIdentifier>{20e9f3d2-603e-4aeb-b98b-28b843c2258f}</UniqueIdentifier>
    </Filter>
    <Filter Include="Actor">
      <UniqueIdentifier>{a65bac5a-8b99-4223-8d57-6de0e661e5a1}</UniqueIdentifier>
    </Filter>
    <Filter Include="Collision">
      <UniqueIdentifier>{7176d80d-ebda-43bd-afb6-02b2ea6c22f2}</UniqueIdentifier>
    </Filter>
    <Filter Include="Level">
      <UniqueIdentifier>{70fa5b95-265c-42cc-b6ad-d09de3e6b2c1}</UniqueIdentifier>
    </Filter>
    <Filter Include="Actor\Client">
      <UniqueIdentifier>{0bf2255e-2afa-47c3-9941-2014eef4c390}</UniqueIdentifier>
    </Filter>
    <Filter Include="Level\Client">
      <UniqueIdentifier>{5debb460-ed2c-457e-8123-cc6e02696aec}</UniqueIdentifier>
    </Filter>
  </ItemGroup>
  <ItemGroup>
    <ClInclude Include="GameEngine.h">
      <Filter>GEngine</Filter>
    </ClInclude>
    <ClInclude Include="Actor.h">
      <Filter>Actor</Filter>
    </ClInclude>
    <ClInclude Include="Collision.h">
      <Filter>Collision</Filter>
    </ClInclude>
    <ClInclude Include="Level.h">
      <Filter>Level</Filter>
    </ClInclude>
    <ClInclude Include="MainPlayer.h">
      <Filter>Actor\Client</Filter>
    </ClInclude>
    <ClInclude Include="TestLevel.h">
      <Filter>Level\Client</Filter>
    </ClInclude>
    <ClInclude Include="TestActor.h">
      <Filter>Actor\Client</Filter>
    </ClInclude>
    <ClInclude Include="LightActor.h">
      <Filter>Actor</Filter>
    </ClInclude>
  </ItemGroup>
  <ItemGroup>
    <ClCompile Include="GameEngine.cpp">
      <Filter>GEngine</Filter>
    </ClCompile>
    <ClCompile Include="Actor.cpp">
      <Filter>Actor</Filter>
    </ClCompile>
    <ClCompile Include="Collision.cpp">
      <Filter>Collision</Filter>
    </ClCompile>
    <ClCompile Include="Level.cpp">
      <Filter>Level</Filter>
    </ClCompile>
    <ClCompile Include="MainPlayer.cpp">
      <Filter>Actor\Client</Filter>
    </ClCompile>
    <ClCompile Include="TestLevel.cpp">
      <Filter>Level\Client</Filter>
    </ClCompile>
    <ClCompile Include="TestActor.cpp">
      <Filter>Actor\Client</Filter>
    </ClCompile>
    <ClCompile Include="LightActor.cpp">
      <Filter>Actor</Filter>
    </ClCompile>
  </ItemGroup>
</Project>