<?xml version="1.0" encoding="utf-8"?>
<Project ToolsVersion="4.0" xmlns="http://schemas.microsoft.com/developer/msbuild/2003">
  <ItemGroup>
    <Filter Include="APP">
      <UniqueIdentifier>{eae291c3-9703-41d6-bb1c-44ecad4fcf9e}</UniqueIdentifier>
    </Filter>
  </ItemGroup>
  <ItemGroup>
    <ClCompile Include="main.cpp">
      <Filter>APP</Filter>
    </ClCompile>
  </ItemGroup>
</Project>