<?xml version="1.0" encoding="utf-8"?>
<Project ToolsVersion="4.0" xmlns="http://schemas.microsoft.com/developer/msbuild/2003">
  <ItemGroup>
    <Filter Include="Graphic">
      <UniqueIdentifier>{0a0b5f4e-ce7c-457f-8723-9853fef37235}</UniqueIdentifier>
    </Filter>
    <Filter Include="Graphic\DeviceContext">
      <UniqueIdentifier>{253883e0-ac29-4a5b-bb3c-a273ede501ef}</UniqueIdentifier>
    </Filter>
    <Filter Include="Graphic\GraphicDevice">
      <UniqueIdentifier>{9530d82e-9f17-4384-915b-635eeada39f3}</UniqueIdentifier>
    </Filter>
    <Filter Include="Graphic\Shader">
      <UniqueIdentifier>{f3ae8c21-5537-42cb-9116-b99e4f768367}</UniqueIdentifier>
    </Filter>
    <Filter Include="Graphic\Buffer">
      <UniqueIdentifier>{2cda0ee7-2c9f-4d00-9e54-94628bdb41b0}</UniqueIdentifier>
    </Filter>
    <Filter Include="Graphic\Buffer\IndexBuffer">
      <UniqueIdentifier>{6077aad7-270f-470a-8d91-7c21ee98b82b}</UniqueIdentifier>
    </Filter>
    <Filter Include="Graphic\Buffer\ConstBuffer">
      <UniqueIdentifier>{478b1b89-f2e5-4a95-9e69-4acbdf78838b}</UniqueIdentifier>
    </Filter>
    <Filter Include="Graphic\Buffer\VertexBuffer">
      <UniqueIdentifier>{d4cb13bf-4912-446d-9828-db0c55326271}</UniqueIdentifier>
    </Filter>
    <Filter Include="Graphic\Shader\PixelShader">
      <UniqueIdentifier>{d526d38b-b9d9-4a13-8e8c-a668d25a8953}</UniqueIdentifier>
    </Filter>
    <Filter Include="Graphic\Shader\VertexShader">
      <UniqueIdentifier>{59dbf220-8433-4376-9407-2ef773a683c6}</UniqueIdentifier>
    </Filter>
    <Filter Include="Hlsl">
      <UniqueIdentifier>{b0d9bb2e-91c9-4467-9e20-8fb201bb8d5c}</UniqueIdentifier>
    </Filter>
    <Filter Include="Graphic\Render">
      <UniqueIdentifier>{8bfb1c9b-7baf-4765-b2b8-e1c9fd9da9c8}</UniqueIdentifier>
    </Filter>
    <Filter Include="Graphic\Render\DepthView">
      <UniqueIdentifier>{b1d8f28c-42b1-4466-a325-f18a8e6e08e1}</UniqueIdentifier>
    </Filter>
    <Filter Include="Graphic\Render\SwapChain">
      <UniqueIdentifier>{6ff4f042-4e99-46ef-a283-1ffb09b21d08}</UniqueIdentifier>
    </Filter>
  </ItemGroup>
  <ItemGroup>
    <ClCompile Include="GraphicsEngine.cpp">
      <Filter>Graphic\GraphicDevice</Filter>
    </ClCompile>
    <ClCompile Include="SwapChain.cpp">
      <Filter>Graphic\Render\SwapChain</Filter>
    </ClCompile>
    <ClCompile Include="DeviceContext.cpp">
      <Filter>Graphic\DeviceContext</Filter>
    </ClCompile>
    <ClCompile Include="VertexBuffer.cpp">
      <Filter>Graphic\Buffer\VertexBuffer</Filter>
    </ClCompile>
    <ClCompile Include="PixelShader.cpp">
      <Filter>Graphic\Shader\PixelShader</Filter>
    </ClCompile>
    <ClCompile Include="VertexShader.cpp">
      <Filter>Graphic\Shader\VertexShader</Filter>
    </ClCompile>
    <ClCompile Include="DepthView.cpp">
      <Filter>Graphic\Render\DepthView</Filter>
    </ClCompile>
    <ClCompile Include="IndexBuffer.cpp">
      <Filter>Graphic\Buffer\IndexBuffer</Filter>
    </ClCompile>
    <ClCompile Include="ConstantBuffer.cpp">
      <Filter>Graphic\Buffer\ConstBuffer</Filter>
    </ClCompile>
  </ItemGroup>
  <ItemGroup>
    <ClInclude Include="GraphicsEngine.h">
      <Filter>Graphic\GraphicDevice</Filter>
    </ClInclude>
    <ClInclude Include="SwapChain.h">
      <Filter>Graphic\Render\SwapChain</Filter>
    </ClInclude>
    <ClInclude Include="DeviceContext.h">
      <Filter>Graphic\DeviceContext</Filter>
    </ClInclude>
    <ClInclude Include="VertexBuffer.h">
      <Filter>Graphic\Buffer\VertexBuffer</Filter>
    </ClInclude>
    <ClInclude Include="PixelShader.h">
      <Filter>Graphic\Shader\PixelShader</Filter>
    </ClInclude>
    <ClInclude Include="VertexShader.h">
      <Filter>Graphic\Shader\VertexShader</Filter>
    </ClInclude>
    <ClInclude Include="DepthView.h">
      <Filter>Graphic\Render\DepthView</Filter>
    </ClInclude>
    <ClInclude Include="IndexBuffer.h">
      <Filter>Graphic\Buffer\IndexBuffer</Filter>
    </ClInclude>
    <ClInclude Include="ConstantBuffer.h">
      <Filter>Graphic\Buffer\ConstBuffer</Filter>
    </ClInclude>
  </ItemGroup>
  <ItemGroup>
    <FxCompile Include="PixelShader.hlsl">
      <Filter>Hlsl</Filter>
    </FxCompile>
    <FxCompile Include="VertexShader.hlsl">
      <Filter>Hlsl</Filter>
    </FxCompile>
  </ItemGroup>
</Project>