<?xml version="1.0" encoding="utf-8"?>
<Project ToolsVersion="4.0" xmlns="http://schemas.microsoft.com/developer/msbuild/2003">
  <ItemGroup>
    <Filter Include="Window">
      <UniqueIdentifier>{5f88a458-d059-4afb-af08-65386954a50e}</UniqueIdentifier>
    </Filter>
    <Filter Include="App">
      <UniqueIdentifier>{b9aa8dfc-c04b-4bbe-9c4b-47708f9572ef}</UniqueIdentifier>
    </Filter>
    <Filter Include="GraphicDevice">
      <UniqueIdentifier>{9530d82e-9f17-4384-915b-635eeada39f3}</UniqueIdentifier>
    </Filter>
    <Filter Include="SwapChain">
      <UniqueIdentifier>{6ff4f042-4e99-46ef-a283-1ffb09b21d08}</UniqueIdentifier>
    </Filter>
    <Filter Include="DeviceContext">
      <UniqueIdentifier>{253883e0-ac29-4a5b-bb3c-a273ede501ef}</UniqueIdentifier>
    </Filter>
  </ItemGroup>
  <ItemGroup>
    <ClCompile Include="main.cpp" />
    <ClCompile Include="Window.cpp">
      <Filter>Window</Filter>
    </ClCompile>
    <ClCompile Include="AppWindow.cpp">
      <Filter>App</Filter>
    </ClCompile>
    <ClCompile Include="GraphicDevice.cpp">
      <Filter>GraphicDevice</Filter>
    </ClCompile>
    <ClCompile Include="SwapChain.cpp">
      <Filter>SwapChain</Filter>
    </ClCompile>
    <ClCompile Include="DeviceContext.cpp">
      <Filter>DeviceContext</Filter>
    </ClCompile>
  </ItemGroup>
  <ItemGroup>
    <ClInclude Include="Window.h">
      <Filter>Window</Filter>
    </ClInclude>
    <ClInclude Include="AppWindow.h">
      <Filter>App</Filter>
    </ClInclude>
    <ClInclude Include="GraphicDevice.h">
      <Filter>GraphicDevice</Filter>
    </ClInclude>
    <ClInclude Include="SwapChain.h">
      <Filter>SwapChain</Filter>
    </ClInclude>
    <ClInclude Include="DeviceContext.h">
      <Filter>DeviceContext</Filter>
    </ClInclude>
  </ItemGroup>
</Project>